{
  "name": "ToolPageApp",
  "version": "1.0.0",
  "lockfileVersion": 1,
  "requires": true,
  "dependencies": {
    "@openui5/sap.f": {
      "version": "1.79.0",
      "resolved": "https://registry.npmjs.org/@openui5/sap.f/-/sap.f-1.79.0.tgz",
      "integrity": "sha512-99OVVTh6d+M6ZOTrn8Sl+S8efdcf0o1Yrf+V1DWVDQ+zyRIix4cFtvUbYiS4hQIByg9not8G4ERKnLAqRR3YhA==",
      "requires": {
        "@openui5/sap.m": "1.79.0",
        "@openui5/sap.ui.core": "1.79.0",
        "@openui5/sap.ui.layout": "1.79.0"
      }
    },
    "@openui5/sap.m": {
      "version": "1.79.0",
      "resolved": "https://registry.npmjs.org/@openui5/sap.m/-/sap.m-1.79.0.tgz",
      "integrity": "sha512-OXxWl4zo23Nk01ePEv7GLWG1/Oi0K44LNK7ovqyXsWSJmnfrfJdnscM9bf0bM5MflUkdqkQBIPU5bHM3Bby5GQ==",
      "requires": {
        "@openui5/sap.ui.core": "1.79.0",
        "@openui5/sap.ui.layout": "1.79.0",
        "@openui5/sap.ui.unified": "1.79.0"
      }
    },
    "@openui5/sap.tnt": {
      "version": "1.79.0",
      "resolved": "https://registry.npmjs.org/@openui5/sap.tnt/-/sap.tnt-1.79.0.tgz",
      "integrity": "sha512-TxHdRu4xwmP1FAquDsSfmC7n4OvnUnbZZ/+cn0npD4nHOiBdO6e29OZcrwib8GN48s/lrNN5rJVSWKpxYbhbWQ==",
      "requires": {
        "@openui5/sap.m": "1.79.0",
        "@openui5/sap.ui.core": "1.79.0"
      }
    },
    "@openui5/sap.ui.core": {
      "version": "1.79.0",
      "resolved": "https://registry.npmjs.org/@openui5/sap.ui.core/-/sap.ui.core-1.79.0.tgz",
      "integrity": "sha512-GBNE03TFpHjEdgPwBuJzBFa8Z2uOfxiJLFOlke4++ckNOssXAbsTHPwRqcoqPoVRQwWw0i25c2zbhetHFt+oGg=="
    },
    "@openui5/sap.ui.layout": {
      "version": "1.79.0",
      "resolved": "https://registry.npmjs.org/@openui5/sap.ui.layout/-/sap.ui.layout-1.79.0.tgz",
      "integrity": "sha512-atP/7yXJZaOHlSCw4S7LLIHdmEVvTouL7Yj5ahi3vrTMiT0RDLj4QGwXCFoFX5bKh0Zzb1tmSvPm3qtd079KkA==",
      "requires": {
        "@openui5/sap.ui.core": "1.79.0"
      }
    },
    "@openui5/sap.ui.unified": {
      "version": "1.79.0",
      "resolved": "https://registry.npmjs.org/@openui5/sap.ui.unified/-/sap.ui.unified-1.79.0.tgz",
      "integrity": "sha512-MYZ4coJuon3anTkokMK7J7tyaNtwaaxB7QSmT/phhqGePys1kGuZ1U68J73c/viqQseTXisPqbDH7Z2MPzDQ6A==",
      "requires": {
        "@openui5/sap.ui.core": "1.79.0"
      }
    },
    "@openui5/sap.uxap": {
      "version": "1.79.0",
      "resolved": "https://registry.npmjs.org/@openui5/sap.uxap/-/sap.uxap-1.79.0.tgz",
      "integrity": "sha512-aLYHVdxlv1pddx86OhDk0NDoUZfMMQnxod+W+x0BIFaOzLjf7O/LLwKQ0OknsG0CbwsiBvfAE8X5jsLH1LFKyQ==",
      "requires": {
        "@openui5/sap.f": "1.79.0",
        "@openui5/sap.m": "1.79.0",
        "@openui5/sap.ui.core": "1.79.0",
        "@openui5/sap.ui.layout": "1.79.0"
      }
    },
    "@openui5/themelib_sap_fiori_3": {
      "version": "1.79.0",
      "resolved": "https://registry.npmjs.org/@openui5/themelib_sap_fiori_3/-/themelib_sap_fiori_3-1.79.0.tgz",
      "integrity": "sha512-mXSrNJYc7yPq/VCXBYeTzjiNY7gRm7OzgjzvVX69Z8HXHOub16htZjhgYd+lXXsUy1OyZtDu4JtvzyOTUX6o5w=="
    }
  }
}
